
Microsoft Visual Studio Solution File, Format Version 10.00
# Visual Studio 2008
# SharpDevelop 3.2.1.6466
Project("{FAE04EC0-301F-11D3-BF4B-00C04F79EFBC}") = "scsc", "scsc.csproj", "{BBBDC327-6EA3-4178-9A06-0413CAD18DBD}"
EndProject
Project("{FAE04EC0-301F-11D3-BF4B-00C04F79EFBC}") = "scsc.Tests", "..\scsc.Tests\scsc.Tests.csproj", "{EEDE3BBA-1814-4D66-9AEE-05EC86514803}"
EndProject
Global
	GlobalSection(SolutionConfigurationPlatforms) = preSolution
		Debug|Any CPU = Debug|Any CPU
		Release|Any CPU = Release|Any CPU
	EndGlobalSection
	GlobalSection(ProjectConfigurationPlatforms) = postSolution
		{BBBDC327-6EA3-4178-9A06-0413CAD18DBD}.Debug|Any CPU.ActiveCfg = Debug|Any CPU
		{BBBDC327-6EA3-4178-9A06-0413CAD18DBD}.Debug|Any CPU.Build.0 = Debug|Any CPU
		{BBBDC327-6EA3-4178-9A06-0413CAD18DBD}.Release|Any CPU.ActiveCfg = Release|Any CPU
		{BBBDC327-6EA3-4178-9A06-0413CAD18DBD}.Release|Any CPU.Build.0 = Release|Any CPU
		{EEDE3BBA-1814-4D66-9AEE-05EC86514803}.Debug|Any CPU.ActiveCfg = Debug|x86
		{EEDE3BBA-1814-4D66-9AEE-05EC86514803}.Debug|Any CPU.Build.0 = Debug|x86
		{EEDE3BBA-1814-4D66-9AEE-05EC86514803}.Release|Any CPU.ActiveCfg = Release|x86
		{EEDE3BBA-1814-4D66-9AEE-05EC86514803}.Release|Any CPU.Build.0 = Release|x86
	EndGlobalSection
	GlobalSection(MonoDevelopProperties) = preSolution
		StartupItem = scsc.csproj
		Policies = $0
		$0.TextStylePolicy = $1
		$1.inheritsSet = null
		$1.scope = text/x-csharp
		$0.CSharpFormattingPolicy = $2
		$2.IndentSwitchBody = True
		$2.BeforeMethodDeclarationParentheses = False
		$2.BeforeMethodCallParentheses = False
		$2.BeforeConstructorDeclarationParentheses = False
		$2.BeforeIndexerDeclarationBracket = False
		$2.BeforeDelegateDeclarationParentheses = False
		$2.NewParentheses = False
		$2.SpacesBeforeBrackets = False
		$2.inheritsSet = Mono
		$2.inheritsScope = text/x-csharp
		$2.scope = text/x-csharp
		$0.StandardHeader = $3
		$3.IncludeInNewFiles = True
	EndGlobalSection
EndGlobal
